
Microsoft Visual Studio Solution File, Format Version 12.00
# Visual Studio Version 16
VisualStudioVersion = 16.0.33130.400
MinimumVisualStudioVersion = 10.0.40219.1
Project("{FAE04EC0-301F-11D3-BF4B-00C04F79EFBC}") = "UnabSH-Reader", "UnabSH-Reader.csproj", "{412E5516-6B42-4C58-8D02-07509E9951B8}"
EndProject
Global
	GlobalSection(SolutionConfigurationPlatforms) = preSolution
		Debug|Any CPU = Debug|Any CPU
		Release|Any CPU = Release|Any CPU
	EndGlobalSection
	GlobalSection(ProjectConfigurationPlatforms) = postSolution
		{412E5516-6B42-4C58-8D02-07509E9951B8}.Debug|Any CPU.ActiveCfg = Debug|Any CPU
		{412E5516-6B42-4C58-8D02-07509E9951B8}.Debug|Any CPU.Build.0 = Debug|Any CPU
		{412E5516-6B42-4C58-8D02-07509E9951B8}.Release|Any CPU.ActiveCfg = Release|Any CPU
		{412E5516-6B42-4C58-8D02-07509E9951B8}.Release|Any CPU.Build.0 = Release|Any CPU
	EndGlobalSection
	GlobalSection(SolutionProperties) = preSolution
		HideSolutionNode = FALSE
	EndGlobalSection
	GlobalSection(ExtensibilityGlobals) = postSolution
		SolutionGuid = {07321A55-F6FF-43EA-9FDC-46A4F6B23BF0}
	EndGlobalSection
EndGlobal
